
Microsoft Visual Studio Solution File, Format Version 12.00
# Visual Studio 15
VisualStudioVersion = 15.0.27004.2010
MinimumVisualStudioVersion = 10.0.40219.1
Project("{FAE04EC0-301F-11D3-BF4B-00C04F79EFBC}") = "Wise.4012E.Modbus", "Wise.4012E.Modbus\Wise.4012E.Modbus.csproj", "{349C6350-AA5A-46E6-8FE9-771A72E82AF1}"
EndProject
Project("{FAE04EC0-301F-11D3-BF4B-00C04F79EFBC}") = "Wise.4012E.Modbus.DemoApp", "Wise.4012E.Modbus.DemoApp\Wise.4012E.Modbus.DemoApp.csproj", "{DD6E89FA-444A-4298-A9F3-7C332933EA8C}"
EndProject
Global
	GlobalSection(SolutionConfigurationPlatforms) = preSolution
		Debug|Any CPU = Debug|Any CPU
		Release|Any CPU = Release|Any CPU
	EndGlobalSection
	GlobalSection(ProjectConfigurationPlatforms) = postSolution
		{349C6350-AA5A-46E6-8FE9-771A72E82AF1}.Debug|Any CPU.ActiveCfg = Debug|Any CPU
		{349C6350-AA5A-46E6-8FE9-771A72E82AF1}.Debug|Any CPU.Build.0 = Debug|Any CPU
		{349C6350-AA5A-46E6-8FE9-771A72E82AF1}.Release|Any CPU.ActiveCfg = Release|Any CPU
		{349C6350-AA5A-46E6-8FE9-771A72E82AF1}.Release|Any CPU.Build.0 = Release|Any CPU
		{DD6E89FA-444A-4298-A9F3-7C332933EA8C}.Debug|Any CPU.ActiveCfg = Debug|Any CPU
		{DD6E89FA-444A-4298-A9F3-7C332933EA8C}.Debug|Any CPU.Build.0 = Debug|Any CPU
		{DD6E89FA-444A-4298-A9F3-7C332933EA8C}.Release|Any CPU.ActiveCfg = Release|Any CPU
		{DD6E89FA-444A-4298-A9F3-7C332933EA8C}.Release|Any CPU.Build.0 = Release|Any CPU
	EndGlobalSection
	GlobalSection(SolutionProperties) = preSolution
		HideSolutionNode = FALSE
	EndGlobalSection
	GlobalSection(ExtensibilityGlobals) = postSolution
		SolutionGuid = {508B8D22-EAA0-4D31-9219-F4E7CEA2C9B3}
	EndGlobalSection
EndGlobal
